
Microsoft Visual Studio Solution File, Format Version 12.00
# Visual Studio Version 17
VisualStudioVersion = 17.8.34330.188
MinimumVisualStudioVersion = 10.0.40219.1
Project("{FAE04EC0-301F-11D3-BF4B-00C04F79EFBC}") = "C06_Negyzetszamol", "C06_Negyzetszamol\C06_Negyzetszamol.csproj", "{19B17FB6-B121-44B0-AF6D-3B4921787F86}"
EndProject
Global
	GlobalSection(SolutionConfigurationPlatforms) = preSolution
		Debug|Any CPU = Debug|Any CPU
		Release|Any CPU = Release|Any CPU
	EndGlobalSection
	GlobalSection(ProjectConfigurationPlatforms) = postSolution
		{19B17FB6-B121-44B0-AF6D-3B4921787F86}.Debug|Any CPU.ActiveCfg = Debug|Any CPU
		{19B17FB6-B121-44B0-AF6D-3B4921787F86}.Debug|Any CPU.Build.0 = Debug|Any CPU
		{19B17FB6-B121-44B0-AF6D-3B4921787F86}.Release|Any CPU.ActiveCfg = Release|Any CPU
		{19B17FB6-B121-44B0-AF6D-3B4921787F86}.Release|Any CPU.Build.0 = Release|Any CPU
	EndGlobalSection
	GlobalSection(SolutionProperties) = preSolution
		HideSolutionNode = FALSE
	EndGlobalSection
	GlobalSection(ExtensibilityGlobals) = postSolution
		SolutionGuid = {4B40AAE0-DF80-47CA-B07E-0FCE85ED2700}
	EndGlobalSection
EndGlobal
