
Microsoft Visual Studio Solution File, Format Version 12.00
# Visual Studio Version 17
VisualStudioVersion = 17.8.34330.188
MinimumVisualStudioVersion = 10.0.40219.1
Project("{FAE04EC0-301F-11D3-BF4B-00C04F79EFBC}") = "B20_ParosParatlan", "B20_ParosParatlan\B20_ParosParatlan.csproj", "{C5892FB3-4F0D-497E-A748-AA11FD556C4C}"
EndProject
Global
	GlobalSection(SolutionConfigurationPlatforms) = preSolution
		Debug|Any CPU = Debug|Any CPU
		Release|Any CPU = Release|Any CPU
	EndGlobalSection
	GlobalSection(ProjectConfigurationPlatforms) = postSolution
		{C5892FB3-4F0D-497E-A748-AA11FD556C4C}.Debug|Any CPU.ActiveCfg = Debug|Any CPU
		{C5892FB3-4F0D-497E-A748-AA11FD556C4C}.Debug|Any CPU.Build.0 = Debug|Any CPU
		{C5892FB3-4F0D-497E-A748-AA11FD556C4C}.Release|Any CPU.ActiveCfg = Release|Any CPU
		{C5892FB3-4F0D-497E-A748-AA11FD556C4C}.Release|Any CPU.Build.0 = Release|Any CPU
	EndGlobalSection
	GlobalSection(SolutionProperties) = preSolution
		HideSolutionNode = FALSE
	EndGlobalSection
	GlobalSection(ExtensibilityGlobals) = postSolution
		SolutionGuid = {751C8D01-BAB7-4EC3-9D0E-5EA3C563BA10}
	EndGlobalSection
EndGlobal
