
Microsoft Visual Studio Solution File, Format Version 12.00
# Visual Studio Version 17
VisualStudioVersion = 17.8.34330.188
MinimumVisualStudioVersion = 10.0.40219.1
Project("{FAE04EC0-301F-11D3-BF4B-00C04F79EFBC}") = "A12_HengerFelszinTerfogat", "A12_HengerFelszinTerfogat\A12_HengerFelszinTerfogat.csproj", "{C318E055-C02D-440E-99EC-0BF687549CED}"
EndProject
Global
	GlobalSection(SolutionConfigurationPlatforms) = preSolution
		Debug|Any CPU = Debug|Any CPU
		Release|Any CPU = Release|Any CPU
	EndGlobalSection
	GlobalSection(ProjectConfigurationPlatforms) = postSolution
		{C318E055-C02D-440E-99EC-0BF687549CED}.Debug|Any CPU.ActiveCfg = Debug|Any CPU
		{C318E055-C02D-440E-99EC-0BF687549CED}.Debug|Any CPU.Build.0 = Debug|Any CPU
		{C318E055-C02D-440E-99EC-0BF687549CED}.Release|Any CPU.ActiveCfg = Release|Any CPU
		{C318E055-C02D-440E-99EC-0BF687549CED}.Release|Any CPU.Build.0 = Release|Any CPU
	EndGlobalSection
	GlobalSection(SolutionProperties) = preSolution
		HideSolutionNode = FALSE
	EndGlobalSection
	GlobalSection(ExtensibilityGlobals) = postSolution
		SolutionGuid = {3C5F5897-7C70-4456-A756-C4DECE59381A}
	EndGlobalSection
EndGlobal
