
Microsoft Visual Studio Solution File, Format Version 12.00
# Visual Studio Version 17
VisualStudioVersion = 17.8.34330.188
MinimumVisualStudioVersion = 10.0.40219.1
Project("{FAE04EC0-301F-11D3-BF4B-00C04F79EFBC}") = "C01_Ciklusok10_20", "C01_Ciklusok10_20\C01_Ciklusok10_20.csproj", "{FB7000E1-1788-4778-82D4-D79FDE6269CB}"
EndProject
Global
	GlobalSection(SolutionConfigurationPlatforms) = preSolution
		Debug|Any CPU = Debug|Any CPU
		Release|Any CPU = Release|Any CPU
	EndGlobalSection
	GlobalSection(ProjectConfigurationPlatforms) = postSolution
		{FB7000E1-1788-4778-82D4-D79FDE6269CB}.Debug|Any CPU.ActiveCfg = Debug|Any CPU
		{FB7000E1-1788-4778-82D4-D79FDE6269CB}.Debug|Any CPU.Build.0 = Debug|Any CPU
		{FB7000E1-1788-4778-82D4-D79FDE6269CB}.Release|Any CPU.ActiveCfg = Release|Any CPU
		{FB7000E1-1788-4778-82D4-D79FDE6269CB}.Release|Any CPU.Build.0 = Release|Any CPU
	EndGlobalSection
	GlobalSection(SolutionProperties) = preSolution
		HideSolutionNode = FALSE
	EndGlobalSection
	GlobalSection(ExtensibilityGlobals) = postSolution
		SolutionGuid = {A619BBB6-F86F-40ED-98BB-8D71F091E353}
	EndGlobalSection
EndGlobal
