
Microsoft Visual Studio Solution File, Format Version 12.00
# Visual Studio Version 17
VisualStudioVersion = 17.8.34330.188
MinimumVisualStudioVersion = 10.0.40219.1
Project("{FAE04EC0-301F-11D3-BF4B-00C04F79EFBC}") = "AdtbekeresKonzolosGyakorlo", "AdtbekeresKonzolosGyakorlo\AdtbekeresKonzolosGyakorlo.csproj", "{D6B5506E-06DF-4CAE-B2AC-4BEA31D00579}"
EndProject
Global
	GlobalSection(SolutionConfigurationPlatforms) = preSolution
		Debug|Any CPU = Debug|Any CPU
		Release|Any CPU = Release|Any CPU
	EndGlobalSection
	GlobalSection(ProjectConfigurationPlatforms) = postSolution
		{D6B5506E-06DF-4CAE-B2AC-4BEA31D00579}.Debug|Any CPU.ActiveCfg = Debug|Any CPU
		{D6B5506E-06DF-4CAE-B2AC-4BEA31D00579}.Debug|Any CPU.Build.0 = Debug|Any CPU
		{D6B5506E-06DF-4CAE-B2AC-4BEA31D00579}.Release|Any CPU.ActiveCfg = Release|Any CPU
		{D6B5506E-06DF-4CAE-B2AC-4BEA31D00579}.Release|Any CPU.Build.0 = Release|Any CPU
	EndGlobalSection
	GlobalSection(SolutionProperties) = preSolution
		HideSolutionNode = FALSE
	EndGlobalSection
	GlobalSection(ExtensibilityGlobals) = postSolution
		SolutionGuid = {8074DECC-1BFB-43FD-8776-27D2436F0ADA}
	EndGlobalSection
EndGlobal
