
Microsoft Visual Studio Solution File, Format Version 12.00
# Visual Studio Version 17
VisualStudioVersion = 17.8.34330.188
MinimumVisualStudioVersion = 10.0.40219.1
Project("{FAE04EC0-301F-11D3-BF4B-00C04F79EFBC}") = "D40_10ElemuTombParosParatlan", "D40_10ElemuTombParosParatlan\D40_10ElemuTombParosParatlan.csproj", "{01A3E93C-24A2-46F0-8D47-133625D01787}"
EndProject
Global
	GlobalSection(SolutionConfigurationPlatforms) = preSolution
		Debug|Any CPU = Debug|Any CPU
		Release|Any CPU = Release|Any CPU
	EndGlobalSection
	GlobalSection(ProjectConfigurationPlatforms) = postSolution
		{01A3E93C-24A2-46F0-8D47-133625D01787}.Debug|Any CPU.ActiveCfg = Debug|Any CPU
		{01A3E93C-24A2-46F0-8D47-133625D01787}.Debug|Any CPU.Build.0 = Debug|Any CPU
		{01A3E93C-24A2-46F0-8D47-133625D01787}.Release|Any CPU.ActiveCfg = Release|Any CPU
		{01A3E93C-24A2-46F0-8D47-133625D01787}.Release|Any CPU.Build.0 = Release|Any CPU
	EndGlobalSection
	GlobalSection(SolutionProperties) = preSolution
		HideSolutionNode = FALSE
	EndGlobalSection
	GlobalSection(ExtensibilityGlobals) = postSolution
		SolutionGuid = {D244E809-C99E-4478-8D24-897CEDE1CBBA}
	EndGlobalSection
EndGlobal
