
Microsoft Visual Studio Solution File, Format Version 12.00
# Visual Studio Version 17
VisualStudioVersion = 17.8.34330.188
MinimumVisualStudioVersion = 10.0.40219.1
Project("{FAE04EC0-301F-11D3-BF4B-00C04F79EFBC}") = "H64_H65FajlbaIras_FajlbolOlvasas", "H64_H65FajlbaIras_FajlbolOlvasas\H64_H65FajlbaIras_FajlbolOlvasas.csproj", "{AE77CB4F-FA32-4F73-B458-D149B3B9582C}"
EndProject
Global
	GlobalSection(SolutionConfigurationPlatforms) = preSolution
		Debug|Any CPU = Debug|Any CPU
		Release|Any CPU = Release|Any CPU
	EndGlobalSection
	GlobalSection(ProjectConfigurationPlatforms) = postSolution
		{AE77CB4F-FA32-4F73-B458-D149B3B9582C}.Debug|Any CPU.ActiveCfg = Debug|Any CPU
		{AE77CB4F-FA32-4F73-B458-D149B3B9582C}.Debug|Any CPU.Build.0 = Debug|Any CPU
		{AE77CB4F-FA32-4F73-B458-D149B3B9582C}.Release|Any CPU.ActiveCfg = Release|Any CPU
		{AE77CB4F-FA32-4F73-B458-D149B3B9582C}.Release|Any CPU.Build.0 = Release|Any CPU
	EndGlobalSection
	GlobalSection(SolutionProperties) = preSolution
		HideSolutionNode = FALSE
	EndGlobalSection
	GlobalSection(ExtensibilityGlobals) = postSolution
		SolutionGuid = {F9991488-24D0-40C9-9592-337F25BFEF96}
	EndGlobalSection
EndGlobal
