
Microsoft Visual Studio Solution File, Format Version 12.00
# Visual Studio Version 17
VisualStudioVersion = 17.8.34330.188
MinimumVisualStudioVersion = 10.0.40219.1
Project("{FAE04EC0-301F-11D3-BF4B-00C04F79EFBC}") = "C04_HanyJegyuSzam", "C04_HanyJegyuSzam\C04_HanyJegyuSzam.csproj", "{EB9D119E-FC14-44D8-A3BC-11467F3D1563}"
EndProject
Global
	GlobalSection(SolutionConfigurationPlatforms) = preSolution
		Debug|Any CPU = Debug|Any CPU
		Release|Any CPU = Release|Any CPU
	EndGlobalSection
	GlobalSection(ProjectConfigurationPlatforms) = postSolution
		{EB9D119E-FC14-44D8-A3BC-11467F3D1563}.Debug|Any CPU.ActiveCfg = Debug|Any CPU
		{EB9D119E-FC14-44D8-A3BC-11467F3D1563}.Debug|Any CPU.Build.0 = Debug|Any CPU
		{EB9D119E-FC14-44D8-A3BC-11467F3D1563}.Release|Any CPU.ActiveCfg = Release|Any CPU
		{EB9D119E-FC14-44D8-A3BC-11467F3D1563}.Release|Any CPU.Build.0 = Release|Any CPU
	EndGlobalSection
	GlobalSection(SolutionProperties) = preSolution
		HideSolutionNode = FALSE
	EndGlobalSection
	GlobalSection(ExtensibilityGlobals) = postSolution
		SolutionGuid = {ED018B4A-EB7D-4C4E-8B50-641B2C83DE40}
	EndGlobalSection
EndGlobal
