
Microsoft Visual Studio Solution File, Format Version 12.00
# Visual Studio Version 17
VisualStudioVersion = 17.8.34330.188
MinimumVisualStudioVersion = 10.0.40219.1
Project("{FAE04EC0-301F-11D3-BF4B-00C04F79EFBC}") = "A14_PenzKerekit", "A14_PenzKerekit\A14_PenzKerekit.csproj", "{A20B8AEF-3E5D-4704-8C3A-368C7A88A01F}"
EndProject
Global
	GlobalSection(SolutionConfigurationPlatforms) = preSolution
		Debug|Any CPU = Debug|Any CPU
		Release|Any CPU = Release|Any CPU
	EndGlobalSection
	GlobalSection(ProjectConfigurationPlatforms) = postSolution
		{A20B8AEF-3E5D-4704-8C3A-368C7A88A01F}.Debug|Any CPU.ActiveCfg = Debug|Any CPU
		{A20B8AEF-3E5D-4704-8C3A-368C7A88A01F}.Debug|Any CPU.Build.0 = Debug|Any CPU
		{A20B8AEF-3E5D-4704-8C3A-368C7A88A01F}.Release|Any CPU.ActiveCfg = Release|Any CPU
		{A20B8AEF-3E5D-4704-8C3A-368C7A88A01F}.Release|Any CPU.Build.0 = Release|Any CPU
	EndGlobalSection
	GlobalSection(SolutionProperties) = preSolution
		HideSolutionNode = FALSE
	EndGlobalSection
	GlobalSection(ExtensibilityGlobals) = postSolution
		SolutionGuid = {5CBF74D4-302F-4F7E-8BCE-2ACFE14795D1}
	EndGlobalSection
EndGlobal
