
Microsoft Visual Studio Solution File, Format Version 12.00
# Visual Studio Version 17
VisualStudioVersion = 17.8.34330.188
MinimumVisualStudioVersion = 10.0.40219.1
Project("{FAE04EC0-301F-11D3-BF4B-00C04F79EFBC}") = "A15_SzamtaniKozep", "A15_SzamtaniKozep\A15_SzamtaniKozep.csproj", "{9AA2A317-F4D0-4A09-9777-269F5ADAA489}"
EndProject
Global
	GlobalSection(SolutionConfigurationPlatforms) = preSolution
		Debug|Any CPU = Debug|Any CPU
		Release|Any CPU = Release|Any CPU
	EndGlobalSection
	GlobalSection(ProjectConfigurationPlatforms) = postSolution
		{9AA2A317-F4D0-4A09-9777-269F5ADAA489}.Debug|Any CPU.ActiveCfg = Debug|Any CPU
		{9AA2A317-F4D0-4A09-9777-269F5ADAA489}.Debug|Any CPU.Build.0 = Debug|Any CPU
		{9AA2A317-F4D0-4A09-9777-269F5ADAA489}.Release|Any CPU.ActiveCfg = Release|Any CPU
		{9AA2A317-F4D0-4A09-9777-269F5ADAA489}.Release|Any CPU.Build.0 = Release|Any CPU
	EndGlobalSection
	GlobalSection(SolutionProperties) = preSolution
		HideSolutionNode = FALSE
	EndGlobalSection
	GlobalSection(ExtensibilityGlobals) = postSolution
		SolutionGuid = {114989F6-648C-4AC6-8497-0C9BA77FB7A6}
	EndGlobalSection
EndGlobal
