
Microsoft Visual Studio Solution File, Format Version 12.00
# Visual Studio Version 17
VisualStudioVersion = 17.8.34330.188
MinimumVisualStudioVersion = 10.0.40219.1
Project("{FAE04EC0-301F-11D3-BF4B-00C04F79EFBC}") = "C08_KozepHomerseklet", "C08_KozepHomerseklet\C08_KozepHomerseklet.csproj", "{8345DA62-912C-4EC8-90F2-47F93F5D516C}"
EndProject
Global
	GlobalSection(SolutionConfigurationPlatforms) = preSolution
		Debug|Any CPU = Debug|Any CPU
		Release|Any CPU = Release|Any CPU
	EndGlobalSection
	GlobalSection(ProjectConfigurationPlatforms) = postSolution
		{8345DA62-912C-4EC8-90F2-47F93F5D516C}.Debug|Any CPU.ActiveCfg = Debug|Any CPU
		{8345DA62-912C-4EC8-90F2-47F93F5D516C}.Debug|Any CPU.Build.0 = Debug|Any CPU
		{8345DA62-912C-4EC8-90F2-47F93F5D516C}.Release|Any CPU.ActiveCfg = Release|Any CPU
		{8345DA62-912C-4EC8-90F2-47F93F5D516C}.Release|Any CPU.Build.0 = Release|Any CPU
	EndGlobalSection
	GlobalSection(SolutionProperties) = preSolution
		HideSolutionNode = FALSE
	EndGlobalSection
	GlobalSection(ExtensibilityGlobals) = postSolution
		SolutionGuid = {E7DC6243-7118-4D51-8331-63BB4E6AA424}
	EndGlobalSection
EndGlobal
