
Microsoft Visual Studio Solution File, Format Version 12.00
# Visual Studio Version 17
VisualStudioVersion = 17.8.34330.188
MinimumVisualStudioVersion = 10.0.40219.1
Project("{FAE04EC0-301F-11D3-BF4B-00C04F79EFBC}") = "A02_KetszamSzorzatHanyados", "A02_KetszamSzorzatHanyados\A02_KetszamSzorzatHanyados.csproj", "{CC982C66-DD0B-40FD-9DDB-A269402F4F45}"
EndProject
Global
	GlobalSection(SolutionConfigurationPlatforms) = preSolution
		Debug|Any CPU = Debug|Any CPU
		Release|Any CPU = Release|Any CPU
	EndGlobalSection
	GlobalSection(ProjectConfigurationPlatforms) = postSolution
		{CC982C66-DD0B-40FD-9DDB-A269402F4F45}.Debug|Any CPU.ActiveCfg = Debug|Any CPU
		{CC982C66-DD0B-40FD-9DDB-A269402F4F45}.Debug|Any CPU.Build.0 = Debug|Any CPU
		{CC982C66-DD0B-40FD-9DDB-A269402F4F45}.Release|Any CPU.ActiveCfg = Release|Any CPU
		{CC982C66-DD0B-40FD-9DDB-A269402F4F45}.Release|Any CPU.Build.0 = Release|Any CPU
	EndGlobalSection
	GlobalSection(SolutionProperties) = preSolution
		HideSolutionNode = FALSE
	EndGlobalSection
	GlobalSection(ExtensibilityGlobals) = postSolution
		SolutionGuid = {4B00F422-3AE7-4D31-9632-370937007124}
	EndGlobalSection
EndGlobal
